
Microsoft Visual Studio Solution File, Format Version 12.00
# Visual Studio Version 17
VisualStudioVersion = 17.4.33110.190
MinimumVisualStudioVersion = 10.0.40219.1
Project("{FAE04EC0-301F-11D3-BF4B-00C04F79EFBC}") = "Basic Data Structures", "Basic Data Structures\Basic Data Structures.csproj", "{31F7EE8B-1905-4356-863F-B873A613626A}"
EndProject
Global
	GlobalSection(SolutionConfigurationPlatforms) = preSolution
		Debug|Any CPU = Debug|Any CPU
		Release|Any CPU = Release|Any CPU
	EndGlobalSection
	GlobalSection(ProjectConfigurationPlatforms) = postSolution
		{31F7EE8B-1905-4356-863F-B873A613626A}.Debug|Any CPU.ActiveCfg = Debug|Any CPU
		{31F7EE8B-1905-4356-863F-B873A613626A}.Debug|Any CPU.Build.0 = Debug|Any CPU
		{31F7EE8B-1905-4356-863F-B873A613626A}.Release|Any CPU.ActiveCfg = Release|Any CPU
		{31F7EE8B-1905-4356-863F-B873A613626A}.Release|Any CPU.Build.0 = Release|Any CPU
	EndGlobalSection
	GlobalSection(SolutionProperties) = preSolution
		HideSolutionNode = FALSE
	EndGlobalSection
	GlobalSection(ExtensibilityGlobals) = postSolution
		SolutionGuid = {76752F9A-5FAE-4DC0-B895-6565EE17EEA9}
	EndGlobalSection
EndGlobal
